
Microsoft Visual Studio Solution File, Format Version 12.00
# Visual Studio 14
VisualStudioVersion = 14.0.25420.1
MinimumVisualStudioVersion = 10.0.40219.1
Project("{2150E333-8FDC-42A3-9474-1A3956D46DE8}") = "src", "src", "{3A1BE93A-379E-4728-8959-D5F5C5D3124A}"
EndProject
Project("{2150E333-8FDC-42A3-9474-1A3956D46DE8}") = "Solution Items", "Solution Items", "{A12ECB53-84DD-4A43-ADC1-430667A58D0A}"
	ProjectSection(SolutionItems) = preProject
		global.json = global.json
	EndProjectSection
EndProject
Project("{8BB2217D-0F2D-49D1-97BC-3654ED321F3B}") = "Fixie", "src\Fixie\Fixie.xproj", "{9B07EA93-0745-4F8B-889C-299A4C81129F}"
EndProject
Project("{8BB2217D-0F2D-49D1-97BC-3654ED321F3B}") = "Fixie.Tests", "src\Fixie.Tests\Fixie.Tests.xproj", "{26F46636-1B52-4839-A95C-0D1D52B48BC8}"
EndProject
Project("{8BB2217D-0F2D-49D1-97BC-3654ED321F3B}") = "Fixie.Samples", "src\Fixie.Samples\Fixie.Samples.xproj", "{8ED4FBB2-F098-4C8D-A96E-BD2D0B096825}"
EndProject
Project("{8BB2217D-0F2D-49D1-97BC-3654ED321F3B}") = "Fixie.TestDriven", "src\Fixie.TestDriven\Fixie.TestDriven.xproj", "{3BD87EB1-47DC-4708-9220-AD5FF4E0D239}"
EndProject
Project("{8BB2217D-0F2D-49D1-97BC-3654ED321F3B}") = "Fixie.VisualStudio.TestAdapter", "src\Fixie.VisualStudio.TestAdapter\Fixie.VisualStudio.TestAdapter.xproj", "{7A46DAD5-8606-4BD3-A1A6-01391264EE6F}"
EndProject
Project("{8BB2217D-0F2D-49D1-97BC-3654ED321F3B}") = "Fixie.Runner", "src\Fixie.Runner\Fixie.Runner.xproj", "{8192A5F1-6E49-4939-8B77-2EB754A9E74C}"
EndProject
Project("{8BB2217D-0F2D-49D1-97BC-3654ED321F3B}") = "Fixie.Assertions", "src\Fixie.Assertions\Fixie.Assertions.xproj", "{213BECFC-7B7D-40C0-AA19-5273A4089932}"
EndProject
Global
	GlobalSection(SolutionConfigurationPlatforms) = preSolution
		Debug|Any CPU = Debug|Any CPU
		Release|Any CPU = Release|Any CPU
	EndGlobalSection
	GlobalSection(ProjectConfigurationPlatforms) = postSolution
		{9B07EA93-0745-4F8B-889C-299A4C81129F}.Debug|Any CPU.ActiveCfg = Debug|Any CPU
		{9B07EA93-0745-4F8B-889C-299A4C81129F}.Debug|Any CPU.Build.0 = Debug|Any CPU
		{9B07EA93-0745-4F8B-889C-299A4C81129F}.Release|Any CPU.ActiveCfg = Release|Any CPU
		{9B07EA93-0745-4F8B-889C-299A4C81129F}.Release|Any CPU.Build.0 = Release|Any CPU
		{26F46636-1B52-4839-A95C-0D1D52B48BC8}.Debug|Any CPU.ActiveCfg = Debug|Any CPU
		{26F46636-1B52-4839-A95C-0D1D52B48BC8}.Debug|Any CPU.Build.0 = Debug|Any CPU
		{26F46636-1B52-4839-A95C-0D1D52B48BC8}.Release|Any CPU.ActiveCfg = Release|Any CPU
		{26F46636-1B52-4839-A95C-0D1D52B48BC8}.Release|Any CPU.Build.0 = Release|Any CPU
		{8ED4FBB2-F098-4C8D-A96E-BD2D0B096825}.Debug|Any CPU.ActiveCfg = Debug|Any CPU
		{8ED4FBB2-F098-4C8D-A96E-BD2D0B096825}.Debug|Any CPU.Build.0 = Debug|Any CPU
		{8ED4FBB2-F098-4C8D-A96E-BD2D0B096825}.Release|Any CPU.ActiveCfg = Release|Any CPU
		{8ED4FBB2-F098-4C8D-A96E-BD2D0B096825}.Release|Any CPU.Build.0 = Release|Any CPU
		{3BD87EB1-47DC-4708-9220-AD5FF4E0D239}.Debug|Any CPU.ActiveCfg = Debug|Any CPU
		{3BD87EB1-47DC-4708-9220-AD5FF4E0D239}.Debug|Any CPU.Build.0 = Debug|Any CPU
		{3BD87EB1-47DC-4708-9220-AD5FF4E0D239}.Release|Any CPU.ActiveCfg = Release|Any CPU
		{3BD87EB1-47DC-4708-9220-AD5FF4E0D239}.Release|Any CPU.Build.0 = Release|Any CPU
		{7A46DAD5-8606-4BD3-A1A6-01391264EE6F}.Debug|Any CPU.ActiveCfg = Debug|Any CPU
		{7A46DAD5-8606-4BD3-A1A6-01391264EE6F}.Debug|Any CPU.Build.0 = Debug|Any CPU
		{7A46DAD5-8606-4BD3-A1A6-01391264EE6F}.Release|Any CPU.ActiveCfg = Release|Any CPU
		{7A46DAD5-8606-4BD3-A1A6-01391264EE6F}.Release|Any CPU.Build.0 = Release|Any CPU
		{8192A5F1-6E49-4939-8B77-2EB754A9E74C}.Debug|Any CPU.ActiveCfg = Debug|Any CPU
		{8192A5F1-6E49-4939-8B77-2EB754A9E74C}.Debug|Any CPU.Build.0 = Debug|Any CPU
		{8192A5F1-6E49-4939-8B77-2EB754A9E74C}.Release|Any CPU.ActiveCfg = Release|Any CPU
		{8192A5F1-6E49-4939-8B77-2EB754A9E74C}.Release|Any CPU.Build.0 = Release|Any CPU
		{213BECFC-7B7D-40C0-AA19-5273A4089932}.Debug|Any CPU.ActiveCfg = Debug|Any CPU
		{213BECFC-7B7D-40C0-AA19-5273A4089932}.Debug|Any CPU.Build.0 = Debug|Any CPU
		{213BECFC-7B7D-40C0-AA19-5273A4089932}.Release|Any CPU.ActiveCfg = Release|Any CPU
		{213BECFC-7B7D-40C0-AA19-5273A4089932}.Release|Any CPU.Build.0 = Release|Any CPU
	EndGlobalSection
	GlobalSection(SolutionProperties) = preSolution
		HideSolutionNode = FALSE
	EndGlobalSection
	GlobalSection(NestedProjects) = preSolution
		{9B07EA93-0745-4F8B-889C-299A4C81129F} = {3A1BE93A-379E-4728-8959-D5F5C5D3124A}
		{26F46636-1B52-4839-A95C-0D1D52B48BC8} = {3A1BE93A-379E-4728-8959-D5F5C5D3124A}
		{8ED4FBB2-F098-4C8D-A96E-BD2D0B096825} = {3A1BE93A-379E-4728-8959-D5F5C5D3124A}
		{3BD87EB1-47DC-4708-9220-AD5FF4E0D239} = {3A1BE93A-379E-4728-8959-D5F5C5D3124A}
		{7A46DAD5-8606-4BD3-A1A6-01391264EE6F} = {3A1BE93A-379E-4728-8959-D5F5C5D3124A}
		{8192A5F1-6E49-4939-8B77-2EB754A9E74C} = {3A1BE93A-379E-4728-8959-D5F5C5D3124A}
		{213BECFC-7B7D-40C0-AA19-5273A4089932} = {3A1BE93A-379E-4728-8959-D5F5C5D3124A}
	EndGlobalSection
EndGlobal
