
Microsoft Visual Studio Solution File, Format Version 12.00
# Visual Studio 14
VisualStudioVersion = 14.0.25420.1
MinimumVisualStudioVersion = 10.0.40219.1
Project("{FAE04EC0-301F-11D3-BF4B-00C04F79EFBC}") = "Fixie", "Fixie\Fixie.csproj", "{474FF43B-4580-4032-999B-A717EB7A0CD3}"
EndProject
Project("{FAE04EC0-301F-11D3-BF4B-00C04F79EFBC}") = "Fixie.Tests", "Fixie.Tests\Fixie.Tests.csproj", "{EE3EC90F-EAFC-40CB-AEE7-400B6D30716D}"
EndProject
Project("{FAE04EC0-301F-11D3-BF4B-00C04F79EFBC}") = "Fixie.Console", "Fixie.Console\Fixie.Console.csproj", "{3805C0E0-3817-45AD-964F-CF7DC5715B39}"
EndProject
Project("{FAE04EC0-301F-11D3-BF4B-00C04F79EFBC}") = "Fixie.TestDriven", "Fixie.TestDriven\Fixie.TestDriven.csproj", "{C4190A60-2DBA-4C7F-8887-F65CC8194138}"
EndProject
Project("{FAE04EC0-301F-11D3-BF4B-00C04F79EFBC}") = "Fixie.Samples", "Fixie.Samples\Fixie.Samples.csproj", "{C7032636-BD20-479B-8A2B-E488B020517F}"
EndProject
Project("{FAE04EC0-301F-11D3-BF4B-00C04F79EFBC}") = "Fixie.VisualStudio.TestAdapter", "Fixie.VisualStudio.TestAdapter\Fixie.VisualStudio.TestAdapter.csproj", "{E2335E25-000C-4BCC-BB49-A2D2C3ED4A59}"
EndProject
Project("{FAE04EC0-301F-11D3-BF4B-00C04F79EFBC}") = "Fixie.Console.x86", "Fixie.Console\Fixie.Console.x86.csproj", "{1628BBDD-635B-4F08-9682-E9EB0F14033F}"
EndProject
Project("{FAE04EC0-301F-11D3-BF4B-00C04F79EFBC}") = "Build", "Build\Build.csproj", "{CCEABC3F-1366-494D-AA7A-A16CDF366A8F}"
EndProject
Project("{FAE04EC0-301F-11D3-BF4B-00C04F79EFBC}") = "Fixie.Execution", "Fixie.Execution\Fixie.Execution.csproj", "{C0C4DD53-D549-4469-9AF5-79187AC9F034}"
EndProject
Project("{FAE04EC0-301F-11D3-BF4B-00C04F79EFBC}") = "Fixie.Assertions", "Fixie.Assertions\Fixie.Assertions.csproj", "{F9A94434-7F62-4BBC-A498-EA83B2529652}"
EndProject
Global
	GlobalSection(SolutionConfigurationPlatforms) = preSolution
		Debug|Any CPU = Debug|Any CPU
		Release|Any CPU = Release|Any CPU
	EndGlobalSection
	GlobalSection(ProjectConfigurationPlatforms) = postSolution
		{474FF43B-4580-4032-999B-A717EB7A0CD3}.Debug|Any CPU.ActiveCfg = Debug|Any CPU
		{474FF43B-4580-4032-999B-A717EB7A0CD3}.Debug|Any CPU.Build.0 = Debug|Any CPU
		{474FF43B-4580-4032-999B-A717EB7A0CD3}.Release|Any CPU.ActiveCfg = Release|Any CPU
		{474FF43B-4580-4032-999B-A717EB7A0CD3}.Release|Any CPU.Build.0 = Release|Any CPU
		{EE3EC90F-EAFC-40CB-AEE7-400B6D30716D}.Debug|Any CPU.ActiveCfg = Debug|Any CPU
		{EE3EC90F-EAFC-40CB-AEE7-400B6D30716D}.Debug|Any CPU.Build.0 = Debug|Any CPU
		{EE3EC90F-EAFC-40CB-AEE7-400B6D30716D}.Release|Any CPU.ActiveCfg = Release|Any CPU
		{EE3EC90F-EAFC-40CB-AEE7-400B6D30716D}.Release|Any CPU.Build.0 = Release|Any CPU
		{3805C0E0-3817-45AD-964F-CF7DC5715B39}.Debug|Any CPU.ActiveCfg = Debug|Any CPU
		{3805C0E0-3817-45AD-964F-CF7DC5715B39}.Debug|Any CPU.Build.0 = Debug|Any CPU
		{3805C0E0-3817-45AD-964F-CF7DC5715B39}.Release|Any CPU.ActiveCfg = Release|Any CPU
		{3805C0E0-3817-45AD-964F-CF7DC5715B39}.Release|Any CPU.Build.0 = Release|Any CPU
		{C4190A60-2DBA-4C7F-8887-F65CC8194138}.Debug|Any CPU.ActiveCfg = Debug|Any CPU
		{C4190A60-2DBA-4C7F-8887-F65CC8194138}.Debug|Any CPU.Build.0 = Debug|Any CPU
		{C4190A60-2DBA-4C7F-8887-F65CC8194138}.Release|Any CPU.ActiveCfg = Release|Any CPU
		{C4190A60-2DBA-4C7F-8887-F65CC8194138}.Release|Any CPU.Build.0 = Release|Any CPU
		{C7032636-BD20-479B-8A2B-E488B020517F}.Debug|Any CPU.ActiveCfg = Debug|Any CPU
		{C7032636-BD20-479B-8A2B-E488B020517F}.Debug|Any CPU.Build.0 = Debug|Any CPU
		{C7032636-BD20-479B-8A2B-E488B020517F}.Release|Any CPU.ActiveCfg = Release|Any CPU
		{C7032636-BD20-479B-8A2B-E488B020517F}.Release|Any CPU.Build.0 = Release|Any CPU
		{E2335E25-000C-4BCC-BB49-A2D2C3ED4A59}.Debug|Any CPU.ActiveCfg = Debug|Any CPU
		{E2335E25-000C-4BCC-BB49-A2D2C3ED4A59}.Debug|Any CPU.Build.0 = Debug|Any CPU
		{E2335E25-000C-4BCC-BB49-A2D2C3ED4A59}.Release|Any CPU.ActiveCfg = Release|Any CPU
		{E2335E25-000C-4BCC-BB49-A2D2C3ED4A59}.Release|Any CPU.Build.0 = Release|Any CPU
		{1628BBDD-635B-4F08-9682-E9EB0F14033F}.Debug|Any CPU.ActiveCfg = Debug|Any CPU
		{1628BBDD-635B-4F08-9682-E9EB0F14033F}.Debug|Any CPU.Build.0 = Debug|Any CPU
		{1628BBDD-635B-4F08-9682-E9EB0F14033F}.Release|Any CPU.ActiveCfg = Release|Any CPU
		{1628BBDD-635B-4F08-9682-E9EB0F14033F}.Release|Any CPU.Build.0 = Release|Any CPU
		{CCEABC3F-1366-494D-AA7A-A16CDF366A8F}.Debug|Any CPU.ActiveCfg = Debug|Any CPU
		{CCEABC3F-1366-494D-AA7A-A16CDF366A8F}.Release|Any CPU.ActiveCfg = Release|Any CPU
		{C0C4DD53-D549-4469-9AF5-79187AC9F034}.Debug|Any CPU.ActiveCfg = Debug|Any CPU
		{C0C4DD53-D549-4469-9AF5-79187AC9F034}.Debug|Any CPU.Build.0 = Debug|Any CPU
		{C0C4DD53-D549-4469-9AF5-79187AC9F034}.Release|Any CPU.ActiveCfg = Release|Any CPU
		{C0C4DD53-D549-4469-9AF5-79187AC9F034}.Release|Any CPU.Build.0 = Release|Any CPU
		{F9A94434-7F62-4BBC-A498-EA83B2529652}.Debug|Any CPU.ActiveCfg = Debug|Any CPU
		{F9A94434-7F62-4BBC-A498-EA83B2529652}.Debug|Any CPU.Build.0 = Debug|Any CPU
		{F9A94434-7F62-4BBC-A498-EA83B2529652}.Release|Any CPU.ActiveCfg = Release|Any CPU
		{F9A94434-7F62-4BBC-A498-EA83B2529652}.Release|Any CPU.Build.0 = Release|Any CPU
	EndGlobalSection
	GlobalSection(SolutionProperties) = preSolution
		HideSolutionNode = FALSE
	EndGlobalSection
EndGlobal
