
Microsoft Visual Studio Solution File, Format Version 12.00
# Visual Studio Version 16
VisualStudioVersion = 16.0.28803.202
MinimumVisualStudioVersion = 10.0.40219.1
Project("{9A19103F-16F7-4668-BE54-9A1E7A4F7556}") = "Fixie", "Fixie\Fixie.csproj", "{54B62C1C-3C2A-41A6-9D19-008F814D1791}"
EndProject
Project("{9A19103F-16F7-4668-BE54-9A1E7A4F7556}") = "Fixie.Tests", "Fixie.Tests\Fixie.Tests.csproj", "{79891344-547E-4F8D-959B-07684D09322D}"
EndProject
Project("{9A19103F-16F7-4668-BE54-9A1E7A4F7556}") = "Fixie.TestAdapter", "Fixie.TestAdapter\Fixie.TestAdapter.csproj", "{50D2B103-EF46-4438-9720-08C93B6EF714}"
EndProject
Project("{9A19103F-16F7-4668-BE54-9A1E7A4F7556}") = "Fixie.Console", "Fixie.Console\Fixie.Console.csproj", "{04605B99-6D68-4BC5-8239-DC2EF4498B6F}"
EndProject
Project("{FAE04EC0-301F-11D3-BF4B-00C04F79EFBC}") = "Fixie.Tests.Parallel", "Fixie.Tests.Parallel\Fixie.Tests.Parallel.csproj", "{FB470868-574D-4278-A677-0107AB143A56}"
EndProject
Global
	GlobalSection(SolutionConfigurationPlatforms) = preSolution
		Debug|Any CPU = Debug|Any CPU
		Release|Any CPU = Release|Any CPU
	EndGlobalSection
	GlobalSection(ProjectConfigurationPlatforms) = postSolution
		{54B62C1C-3C2A-41A6-9D19-008F814D1791}.Debug|Any CPU.ActiveCfg = Debug|Any CPU
		{54B62C1C-3C2A-41A6-9D19-008F814D1791}.Debug|Any CPU.Build.0 = Debug|Any CPU
		{54B62C1C-3C2A-41A6-9D19-008F814D1791}.Release|Any CPU.ActiveCfg = Release|Any CPU
		{54B62C1C-3C2A-41A6-9D19-008F814D1791}.Release|Any CPU.Build.0 = Release|Any CPU
		{79891344-547E-4F8D-959B-07684D09322D}.Debug|Any CPU.ActiveCfg = Debug|Any CPU
		{79891344-547E-4F8D-959B-07684D09322D}.Debug|Any CPU.Build.0 = Debug|Any CPU
		{79891344-547E-4F8D-959B-07684D09322D}.Release|Any CPU.ActiveCfg = Release|Any CPU
		{79891344-547E-4F8D-959B-07684D09322D}.Release|Any CPU.Build.0 = Release|Any CPU
		{50D2B103-EF46-4438-9720-08C93B6EF714}.Debug|Any CPU.ActiveCfg = Debug|Any CPU
		{50D2B103-EF46-4438-9720-08C93B6EF714}.Debug|Any CPU.Build.0 = Debug|Any CPU
		{50D2B103-EF46-4438-9720-08C93B6EF714}.Release|Any CPU.ActiveCfg = Release|Any CPU
		{50D2B103-EF46-4438-9720-08C93B6EF714}.Release|Any CPU.Build.0 = Release|Any CPU
		{04605B99-6D68-4BC5-8239-DC2EF4498B6F}.Debug|Any CPU.ActiveCfg = Debug|Any CPU
		{04605B99-6D68-4BC5-8239-DC2EF4498B6F}.Debug|Any CPU.Build.0 = Debug|Any CPU
		{04605B99-6D68-4BC5-8239-DC2EF4498B6F}.Release|Any CPU.ActiveCfg = Release|Any CPU
		{04605B99-6D68-4BC5-8239-DC2EF4498B6F}.Release|Any CPU.Build.0 = Release|Any CPU
		{FB470868-574D-4278-A677-0107AB143A56}.Debug|Any CPU.ActiveCfg = Debug|Any CPU
		{FB470868-574D-4278-A677-0107AB143A56}.Debug|Any CPU.Build.0 = Debug|Any CPU
		{FB470868-574D-4278-A677-0107AB143A56}.Release|Any CPU.ActiveCfg = Release|Any CPU
		{FB470868-574D-4278-A677-0107AB143A56}.Release|Any CPU.Build.0 = Release|Any CPU
	EndGlobalSection
	GlobalSection(SolutionProperties) = preSolution
		HideSolutionNode = FALSE
	EndGlobalSection
	GlobalSection(ExtensibilityGlobals) = postSolution
		SolutionGuid = {03391B3B-84B6-495B-AE0C-32C802774390}
	EndGlobalSection
EndGlobal
