
Microsoft Visual Studio Solution File, Format Version 12.00
# Visual Studio Version 17
VisualStudioVersion = 17.8.34309.116
MinimumVisualStudioVersion = 10.0.40219.1
Project("{9A19103F-16F7-4668-BE54-9A1E7A4F7556}") = "Fixie", "Fixie\Fixie.csproj", "{54B62C1C-3C2A-41A6-9D19-008F814D1791}"
EndProject
Project("{9A19103F-16F7-4668-BE54-9A1E7A4F7556}") = "Fixie.Tests", "Fixie.Tests\Fixie.Tests.csproj", "{79891344-547E-4F8D-959B-07684D09322D}"
EndProject
Project("{9A19103F-16F7-4668-BE54-9A1E7A4F7556}") = "Fixie.TestAdapter", "Fixie.TestAdapter\Fixie.TestAdapter.csproj", "{50D2B103-EF46-4438-9720-08C93B6EF714}"
EndProject
Project("{9A19103F-16F7-4668-BE54-9A1E7A4F7556}") = "Fixie.Console", "Fixie.Console\Fixie.Console.csproj", "{04605B99-6D68-4BC5-8239-DC2EF4498B6F}"
EndProject
Project("{2150E333-8FDC-42A3-9474-1A3956D46DE8}") = "Solution Items", "Solution Items", "{9F2B08BE-2199-4F4F-95BD-1E7F19CFFF61}"
	ProjectSection(SolutionItems) = preProject
		Directory.Build.props = Directory.Build.props
		Directory.Packages.props = Directory.Packages.props
		..\nuget.config = ..\nuget.config
	EndProjectSection
EndProject
Global
	GlobalSection(SolutionConfigurationPlatforms) = preSolution
		Debug|Any CPU = Debug|Any CPU
		Release|Any CPU = Release|Any CPU
	EndGlobalSection
	GlobalSection(ProjectConfigurationPlatforms) = postSolution
		{54B62C1C-3C2A-41A6-9D19-008F814D1791}.Debug|Any CPU.ActiveCfg = Debug|Any CPU
		{54B62C1C-3C2A-41A6-9D19-008F814D1791}.Debug|Any CPU.Build.0 = Debug|Any CPU
		{54B62C1C-3C2A-41A6-9D19-008F814D1791}.Release|Any CPU.ActiveCfg = Release|Any CPU
		{54B62C1C-3C2A-41A6-9D19-008F814D1791}.Release|Any CPU.Build.0 = Release|Any CPU
		{79891344-547E-4F8D-959B-07684D09322D}.Debug|Any CPU.ActiveCfg = Debug|Any CPU
		{79891344-547E-4F8D-959B-07684D09322D}.Debug|Any CPU.Build.0 = Debug|Any CPU
		{79891344-547E-4F8D-959B-07684D09322D}.Release|Any CPU.ActiveCfg = Release|Any CPU
		{79891344-547E-4F8D-959B-07684D09322D}.Release|Any CPU.Build.0 = Release|Any CPU
		{50D2B103-EF46-4438-9720-08C93B6EF714}.Debug|Any CPU.ActiveCfg = Debug|Any CPU
		{50D2B103-EF46-4438-9720-08C93B6EF714}.Debug|Any CPU.Build.0 = Debug|Any CPU
		{50D2B103-EF46-4438-9720-08C93B6EF714}.Release|Any CPU.ActiveCfg = Release|Any CPU
		{50D2B103-EF46-4438-9720-08C93B6EF714}.Release|Any CPU.Build.0 = Release|Any CPU
		{04605B99-6D68-4BC5-8239-DC2EF4498B6F}.Debug|Any CPU.ActiveCfg = Debug|Any CPU
		{04605B99-6D68-4BC5-8239-DC2EF4498B6F}.Debug|Any CPU.Build.0 = Debug|Any CPU
		{04605B99-6D68-4BC5-8239-DC2EF4498B6F}.Release|Any CPU.ActiveCfg = Release|Any CPU
		{04605B99-6D68-4BC5-8239-DC2EF4498B6F}.Release|Any CPU.Build.0 = Release|Any CPU
	EndGlobalSection
	GlobalSection(SolutionProperties) = preSolution
		HideSolutionNode = FALSE
	EndGlobalSection
	GlobalSection(ExtensibilityGlobals) = postSolution
		SolutionGuid = {03391B3B-84B6-495B-AE0C-32C802774390}
	EndGlobalSection
EndGlobal
